// !$*UTF8*$!
{
	archiveVersion = 1;
	classes = {
	};
	objectVersion = 46;
	objects = {

/* Begin PBXBuildFile section */
		D3785F951B243D400053CF94 /* AppDelegate.swift in Sources */ = {isa = PBXBuildFile; fileRef = D3785F941B243D400053CF94 /* AppDelegate.swift */; };
		D3785F981B243D400053CF94 /* JobAadhar.xcdatamodeld in Sources */ = {isa = PBXBuildFile; fileRef = D3785F961B243D400053CF94 /* JobAadhar.xcdatamodeld */; };
		D3785F9A1B243D400053CF94 /* ViewController.swift in Sources */ = {isa = PBXBuildFile; fileRef = D3785F991B243D400053CF94 /* ViewController.swift */; };
		D3785F9D1B243D400053CF94 /* Main.storyboard in Resources */ = {isa = PBXBuildFile; fileRef = D3785F9B1B243D400053CF94 /* Main.storyboard */; };
		D3785F9F1B243D400053CF94 /* Images.xcassets in Resources */ = {isa = PBXBuildFile; fileRef = D3785F9E1B243D400053CF94 /* Images.xcassets */; };
		D3785FA21B243D400053CF94 /* LaunchScreen.xib in Resources */ = {isa = PBXBuildFile; fileRef = D3785FA01B243D400053CF94 /* LaunchScreen.xib */; };
		D3785FAE1B243D400053CF94 /* JobAadharTests.swift in Sources */ = {isa = PBXBuildFile; fileRef = D3785FAD1B243D400053CF94 /* JobAadharTests.swift */; };
		D3785FB81B244D0C0053CF94 /* Authentifying.swift in Sources */ = {isa = PBXBuildFile; fileRef = D3785FB71B244D0C0053CF94 /* Authentifying.swift */; };
/* End PBXBuildFile section */

/* Begin PBXContainerItemProxy section */
		D3785FA81B243D400053CF94 /* PBXContainerItemProxy */ = {
			isa = PBXContainerItemProxy;
			containerPortal = D3785F871B243D400053CF94 /* Project object */;
			proxyType = 1;
			remoteGlobalIDString = D3785F8E1B243D400053CF94;
			remoteInfo = JobAadhar;
		};
/* End PBXContainerItemProxy section */

/* Begin PBXFileReference section */
		D3785F8F1B243D400053CF94 /* JobAadhar.app */ = {isa = PBXFileReference; explicitFileType = wrapper.application; includeInIndex = 0; path = JobAadhar.app; sourceTree = BUILT_PRODUCTS_DIR; };
		D3785F931B243D400053CF94 /* Info.plist */ = {isa = PBXFileReference; lastKnownFileType = text.plist.xml; path = Info.plist; sourceTree = "<group>"; };
		D3785F941B243D400053CF94 /* AppDelegate.swift */ = {isa = PBXFileReference; lastKnownFileType = sourcecode.swift; path = AppDelegate.swift; sourceTree = "<group>"; };
		D3785F971B243D400053CF94 /* JobAadhar.xcdatamodel */ = {isa = PBXFileReference; lastKnownFileType = wrapper.xcdatamodel; path = JobAadhar.xcdatamodel; sourceTree = "<group>"; };
		D3785F991B243D400053CF94 /* ViewController.swift */ = {isa = PBXFileReference; lastKnownFileType = sourcecode.swift; path = ViewController.swift; sourceTree = "<group>"; };
		D3785F9C1B243D400053CF94 /* Base */ = {isa = PBXFileReference; lastKnownFileType = file.storyboard; name = Base; path = Base.lproj/Main.storyboard; sourceTree = "<group>"; };
		D3785F9E1B243D400053CF94 /* Images.xcassets */ = {isa = PBXFileReference; lastKnownFileType = folder.assetcatalog; path = Images.xcassets; sourceTree = "<group>"; };
		D3785FA11B243D400053CF94 /* Base */ = {isa = PBXFileReference; lastKnownFileType = file.xib; name = Base; path = Base.lproj/LaunchScreen.xib; sourceTree = "<group>"; };
		D3785FA71B243D400053CF94 /* JobAadharTests.xctest */ = {isa = PBXFileReference; explicitFileType = wrapper.cfbundle; includeInIndex = 0; path = JobAadharTests.xctest; sourceTree = BUILT_PRODUCTS_DIR; };
		D3785FAC1B243D400053CF94 /* Info.plist */ = {isa = PBXFileReference; lastKnownFileType = text.plist.xml; path = Info.plist; sourceTree = "<group>"; };
		D3785FAD1B243D400053CF94 /* JobAadharTests.swift */ = {isa = PBXFileReference; lastKnownFileType = sourcecode.swift; path = JobAadharTests.swift; sourceTree = "<group>"; };
		D3785FB71B244D0C0053CF94 /* Authentifying.swift */ = {isa = PBXFileReference; fileEncoding = 4; lastKnownFileType = sourcecode.swift; path = Authentifying.swift; sourceTree = "<group>"; };
/* End PBXFileReference section */

/* Begin PBXFrameworksBuildPhase section */
		D3785F8C1B243D400053CF94 /* Frameworks */ = {
			isa = PBXFrameworksBuildPhase;
			buildActionMask = 2147483647;
			files = (
			);
			runOnlyForDeploymentPostprocessing = 0;
		};
		D3785FA41B243D400053CF94 /* Frameworks */ = {
			isa = PBXFrameworksBuildPhase;
			buildActionMask = 2147483647;
			files = (
			);
			runOnlyForDeploymentPostprocessing = 0;
		};
/* End PBXFrameworksBuildPhase section */

/* Begin PBXGroup section */
		D3785F861B243D400053CF94 = {
			isa = PBXGroup;
			children = (
				D3785F911B243D400053CF94 /* JobAadhar */,
				D3785FAA1B243D400053CF94 /* JobAadharTests */,
				D3785F901B243D400053CF94 /* Products */,
			);
			sourceTree = "<group>";
		};
		D3785F901B243D400053CF94 /* Products */ = {
			isa = PBXGroup;
			children = (
				D3785F8F1B243D400053CF94 /* JobAadhar.app */,
				D3785FA71B243D400053CF94 /* JobAadharTests.xctest */,
			);
			name = Products;
			sourceTree = "<group>";
		};
		D3785F911B243D400053CF94 /* JobAadhar */ = {
			isa = PBXGroup;
			children = (
				D3785F941B243D400053CF94 /* AppDelegate.swift */,
				D3785FB71B244D0C0053CF94 /* Authentifying.swift */,
				D3785F991B243D400053CF94 /* ViewController.swift */,
				D3785F9B1B243D400053CF94 /* Main.storyboard */,
				D3785F9E1B243D400053CF94 /* Images.xcassets */,
				D3785FA01B243D400053CF94 /* LaunchScreen.xib */,
				D3785F961B243D400053CF94 /* JobAadhar.xcdatamodeld */,
				D3785F921B243D400053CF94 /* Supporting Files */,
			);
			path = JobAadhar;
			sourceTree = "<group>";
		};
		D3785F921B243D400053CF94 /* Supporting Files */ = {
			isa = PBXGroup;
			children = (
				D3785F931B243D400053CF94 /* Info.plist */,
			);
			name = "Supporting Files";
			sourceTree = "<group>";
		};
		D3785FAA1B243D400053CF94 /* JobAadharTests */ = {
			isa = PBXGroup;
			children = (
				D3785FAD1B243D400053CF94 /* JobAadharTests.swift */,
				D3785FAB1B243D400053CF94 /* Supporting Files */,
			);
			path = JobAadharTests;
			sourceTree = "<group>";
		};
		D3785FAB1B243D400053CF94 /* Supporting Files */ = {
			isa = PBXGroup;
			children = (
				D3785FAC1B243D400053CF94 /* Info.plist */,
			);
			name = "Supporting Files";
			sourceTree = "<group>";
		};
/* End PBXGroup section */

/* Begin PBXNativeTarget section */
		D3785F8E1B243D400053CF94 /* JobAadhar */ = {
			isa = PBXNativeTarget;
			buildConfigurationList = D3785FB11B243D400053CF94 /* Build configuration list for PBXNativeTarget "JobAadhar" */;
			buildPhases = (
				D3785F8B1B243D400053CF94 /* Sources */,
				D3785F8C1B243D400053CF94 /* Frameworks */,
				D3785F8D1B243D400053CF94 /* Resources */,
			);
			buildRules = (
			);
			dependencies = (
			);
			name = JobAadhar;
			productName = JobAadhar;
			productReference = D3785F8F1B243D400053CF94 /* JobAadhar.app */;
			productType = "com.apple.product-type.application";
		};
		D3785FA61B243D400053CF94 /* JobAadharTests */ = {
			isa = PBXNativeTarget;
			buildConfigurationList = D3785FB41B243D400053CF94 /* Build configuration list for PBXNativeTarget "JobAadharTests" */;
			buildPhases = (
				D3785FA31B243D400053CF94 /* Sources */,
				D3785FA41B243D400053CF94 /* Frameworks */,
				D3785FA51B243D400053CF94 /* Resources */,
			);
			buildRules = (
			);
			dependencies = (
				D3785FA91B243D400053CF94 /* PBXTargetDependency */,
			);
			name = JobAadharTests;
			productName = JobAadharTests;
			productReference = D3785FA71B243D400053CF94 /* JobAadharTests.xctest */;
			productType = "com.apple.product-type.bundle.unit-test";
		};
/* End PBXNativeTarget section */

/* Begin PBXProject section */
		D3785F871B243D400053CF94 /* Project object */ = {
			isa = PBXProject;
			attributes = {
				LastUpgradeCheck = 0630;
				ORGANIZATIONNAME = YASH;
				TargetAttributes = {
					D3785F8E1B243D400053CF94 = {
						CreatedOnToolsVersion = 6.3.2;
					};
					D3785FA61B243D400053CF94 = {
						CreatedOnToolsVersion = 6.3.2;
						TestTargetID = D3785F8E1B243D400053CF94;
					};
				};
			};
			buildConfigurationList = D3785F8A1B243D400053CF94 /* Build configuration list for PBXProject "JobAadhar" */;
			compatibilityVersion = "Xcode 3.2";
			developmentRegion = English;
			hasScannedForEncodings = 0;
			knownRegions = (
				en,
				Base,
			);
			mainGroup = D3785F861B243D400053CF94;
			productRefGroup = D3785F901B243D400053CF94 /* Products */;
			projectDirPath = "";
			projectRoot = "";
			targets = (
				D3785F8E1B243D400053CF94 /* JobAadhar */,
				D3785FA61B243D400053CF94 /* JobAadharTests */,
			);
		};
/* End PBXProject section */

/* Begin PBXResourcesBuildPhase section */
		D3785F8D1B243D400053CF94 /* Resources */ = {
			isa = PBXResourcesBuildPhase;
			buildActionMask = 2147483647;
			files = (
				D3785F9D1B243D400053CF94 /* Main.storyboard in Resources */,
				D3785FA21B243D400053CF94 /* LaunchScreen.xib in Resources */,
				D3785F9F1B243D400053CF94 /* Images.xcassets in Resources */,
			);
			runOnlyForDeploymentPostprocessing = 0;
		};
		D3785FA51B243D400053CF94 /* Resources */ = {
			isa = PBXResourcesBuildPhase;
			buildActionMask = 2147483647;
			files = (
			);
			runOnlyForDeploymentPostprocessing = 0;
		};
/* End PBXResourcesBuildPhase section */

/* Begin PBXSourcesBuildPhase section */
		D3785F8B1B243D400053CF94 /* Sources */ = {
			isa = PBXSourcesBuildPhase;
			buildActionMask = 2147483647;
			files = (
				D3785F9A1B243D400053CF94 /* ViewController.swift in Sources */,
				D3785FB81B244D0C0053CF94 /* Authentifying.swift in Sources */,
				D3785F981B243D400053CF94 /* JobAadhar.xcdatamodeld in Sources */,
				D3785F951B243D400053CF94 /* AppDelegate.swift in Sources */,
			);
			runOnlyForDeploymentPostprocessing = 0;
		};
		D3785FA31B243D400053CF94 /* Sources */ = {
			isa = PBXSourcesBuildPhase;
			buildActionMask = 2147483647;
			files = (
				D3785FAE1B243D400053CF94 /* JobAadharTests.swift in Sources */,
			);
			runOnlyForDeploymentPostprocessing = 0;
		};
/* End PBXSourcesBuildPhase section */

/* Begin PBXTargetDependency section */
		D3785FA91B243D400053CF94 /* PBXTargetDependency */ = {
			isa = PBXTargetDependency;
			target = D3785F8E1B243D400053CF94 /* JobAadhar */;
			targetProxy = D3785FA81B243D400053CF94 /* PBXContainerItemProxy */;
		};
/* End PBXTargetDependency section */

/* Begin PBXVariantGroup section */
		D3785F9B1B243D400053CF94 /* Main.storyboard */ = {
			isa = PBXVariantGroup;
			children = (
				D3785F9C1B243D400053CF94 /* Base */,
			);
			name = Main.storyboard;
			sourceTree = "<group>";
		};
		D3785FA01B243D400053CF94 /* LaunchScreen.xib */ = {
			isa = PBXVariantGroup;
			children = (
				D3785FA11B243D400053CF94 /* Base */,
			);
			name = LaunchScreen.xib;
			sourceTree = "<group>";
		};
/* End PBXVariantGroup section */

/* Begin XCBuildConfiguration section */
		D3785FAF1B243D400053CF94 /* Debug */ = {
			isa = XCBuildConfiguration;
			buildSettings = {
				ALWAYS_SEARCH_USER_PATHS = NO;
				CLANG_CXX_LANGUAGE_STANDARD = "gnu++0x";
				CLANG_CXX_LIBRARY = "libc++";
				CLANG_ENABLE_MODULES = YES;
				CLANG_ENABLE_OBJC_ARC = YES;
				CLANG_WARN_BOOL_CONVERSION = YES;
				CLANG_WARN_CONSTANT_CONVERSION = YES;
				CLANG_WARN_DIRECT_OBJC_ISA_USAGE = YES_ERROR;
				CLANG_WARN_EMPTY_BODY = YES;
				CLANG_WARN_ENUM_CONVERSION = YES;
				CLANG_WARN_INT_CONVERSION = YES;
				CLANG_WARN_OBJC_ROOT_CLASS = YES_ERROR;
				CLANG_WARN_UNREACHABLE_CODE = YES;
				CLANG_WARN__DUPLICATE_METHOD_MATCH = YES;
				"CODE_SIGN_IDENTITY[sdk=iphoneos*]" = "iPhone Developer";
				COPY_PHASE_STRIP = NO;
				DEBUG_INFORMATION_FORMAT = "dwarf-with-dsym";
				ENABLE_STRICT_OBJC_MSGSEND = YES;
				GCC_C_LANGUAGE_STANDARD = gnu99;
				GCC_DYNAMIC_NO_PIC = NO;
				GCC_NO_COMMON_BLOCKS = YES;
				GCC_OPTIMIZATION_LEVEL = 0;
				GCC_PREPROCESSOR_DEFINITIONS = (
					"DEBUG=1",
					"$(inherited)",
				);
				GCC_SYMBOLS_PRIVATE_EXTERN = NO;
				GCC_WARN_64_TO_32_BIT_CONVERSION = YES;
				GCC_WARN_ABOUT_RETURN_TYPE = YES_ERROR;
				GCC_WARN_UNDECLARED_SELECTOR = YES;
				GCC_WARN_UNINITIALIZED_AUTOS = YES_AGGRESSIVE;
				GCC_WARN_UNUSED_FUNCTION = YES;
				GCC_WARN_UNUSED_VARIABLE = YES;
				IPHONEOS_DEPLOYMENT_TARGET = 8.3;
				MTL_ENABLE_DEBUG_INFO = YES;
				ONLY_ACTIVE_ARCH = YES;
				SDKROOT = iphoneos;
				SWIFT_OPTIMIZATION_LEVEL = "-Onone";
			};
			name = Debug;
		};
		D3785FB01B243D400053CF94 /* Release */ = {
			isa = XCBuildConfiguration;
			buildSettings = {
				ALWAYS_SEARCH_USER_PATHS = NO;
				CLANG_CXX_LANGUAGE_STANDARD = "gnu++0x";
				CLANG_CXX_LIBRARY = "libc++";
				CLANG_ENABLE_MODULES = YES;
				CLANG_ENABLE_OBJC_ARC = YES;
				CLANG_WARN_BOOL_CONVERSION = YES;
				CLANG_WARN_CONSTANT_CONVERSION = YES;
				CLANG_WARN_DIRECT_OBJC_ISA_USAGE = YES_ERROR;
				CLANG_WARN_EMPTY_BODY = YES;
				CLANG_WARN_ENUM_CONVERSION = YES;
				CLANG_WARN_INT_CONVERSION = YES;
				CLANG_WARN_OBJC_ROOT_CLASS = YES_ERROR;
				CLANG_WARN_UNREACHABLE_CODE = YES;
				CLANG_WARN__DUPLICATE_METHOD_MATCH = YES;
				"CODE_SIGN_IDENTITY[sdk=iphoneos*]" = "iPhone Developer";
				COPY_PHASE_STRIP = NO;
				DEBUG_INFORMATION_FORMAT = "dwarf-with-dsym";
				ENABLE_NS_ASSERTIONS = NO;
				ENABLE_STRICT_OBJC_MSGSEND = YES;
				GCC_C_LANGUAGE_STANDARD = gnu99;
				GCC_NO_COMMON_BLOCKS = YES;
				GCC_WARN_64_TO_32_BIT_CONVERSION = YES;
				GCC_WARN_ABOUT_RETURN_TYPE = YES_ERROR;
				GCC_WARN_UNDECLARED_SELECTOR = YES;
				GCC_WARN_UNINITIALIZED_AUTOS = YES_AGGRESSIVE;
				GCC_WARN_UNUSED_FUNCTION = YES;
				GCC_WARN_UNUSED_VARIABLE = YES;
				IPHONEOS_DEPLOYMENT_TARGET = 8.3;
				MTL_ENABLE_DEBUG_INFO = NO;
				SDKROOT = iphoneos;
				VALIDATE_PRODUCT = YES;
			};
			name = Release;
		};
		D3785FB21B243D400053CF94 /* Debug */ = {
			isa = XCBuildConfiguration;
			buildSettings = {
				ASSETCATALOG_COMPILER_APPICON_NAME = AppIcon;
				INFOPLIST_FILE = JobAadhar/Info.plist;
				LD_RUNPATH_SEARCH_PATHS = "$(inherited) @executable_path/Frameworks";
				PRODUCT_NAME = "$(TARGET_NAME)";
			};
			name = Debug;
		};
		D3785FB31B243D400053CF94 /* Release */ = {
			isa = XCBuildConfiguration;
			buildSettings = {
				ASSETCATALOG_COMPILER_APPICON_NAME = AppIcon;
				INFOPLIST_FILE = JobAadhar/Info.plist;
				LD_RUNPATH_SEARCH_PATHS = "$(inherited) @executable_path/Frameworks";
				PRODUCT_NAME = "$(TARGET_NAME)";
			};
			name = Release;
		};
		D3785FB51B243D400053CF94 /* Debug */ = {
			isa = XCBuildConfiguration;
			buildSettings = {
				BUNDLE_LOADER = "$(TEST_HOST)";
				FRAMEWORK_SEARCH_PATHS = (
					"$(SDKROOT)/Developer/Library/Frameworks",
					"$(inherited)",
				);
				GCC_PREPROCESSOR_DEFINITIONS = (
					"DEBUG=1",
					"$(inherited)",
				);
				INFOPLIST_FILE = JobAadharTests/Info.plist;
				LD_RUNPATH_SEARCH_PATHS = "$(inherited) @executable_path/Frameworks @loader_path/Frameworks";
				PRODUCT_NAME = "$(TARGET_NAME)";
				TEST_HOST = "$(BUILT_PRODUCTS_DIR)/JobAadhar.app/JobAadhar";
			};
			name = Debug;
		};
		D3785FB61B243D400053CF94 /* Release */ = {
			isa = XCBuildConfiguration;
			buildSettings = {
				BUNDLE_LOADER = "$(TEST_HOST)";
				FRAMEWORK_SEARCH_PATHS = (
					"$(SDKROOT)/Developer/Library/Frameworks",
					"$(inherited)",
				);
				INFOPLIST_FILE = JobAadharTests/Info.plist;
				LD_RUNPATH_SEARCH_PATHS = "$(inherited) @executable_path/Frameworks @loader_path/Frameworks";
				PRODUCT_NAME = "$(TARGET_NAME)";
				TEST_HOST = "$(BUILT_PRODUCTS_DIR)/JobAadhar.app/JobAadhar";
			};
			name = Release;
		};
/* End XCBuildConfiguration section */

/* Begin XCConfigurationList section */
		D3785F8A1B243D400053CF94 /* Build configuration list for PBXProject "JobAadhar" */ = {
			isa = XCConfigurationList;
			buildConfigurations = (
				D3785FAF1B243D400053CF94 /* Debug */,
				D3785FB01B243D400053CF94 /* Release */,
			);
			defaultConfigurationIsVisible = 0;
			defaultConfigurationName = Release;
		};
		D3785FB11B243D400053CF94 /* Build configuration list for PBXNativeTarget "JobAadhar" */ = {
			isa = XCConfigurationList;
			buildConfigurations = (
				D3785FB21B243D400053CF94 /* Debug */,
				D3785FB31B243D400053CF94 /* Release */,
			);
			defaultConfigurationIsVisible = 0;
		};
		D3785FB41B243D400053CF94 /* Build configuration list for PBXNativeTarget "JobAadharTests" */ = {
			isa = XCConfigurationList;
			buildConfigurations = (
				D3785FB51B243D400053CF94 /* Debug */,
				D3785FB61B243D400053CF94 /* Release */,
			);
			defaultConfigurationIsVisible = 0;
		};
/* End XCConfigurationList section */

/* Begin XCVersionGroup section */
		D3785F961B243D400053CF94 /* JobAadhar.xcdatamodeld */ = {
			isa = XCVersionGroup;
			children = (
				D3785F971B243D400053CF94 /* JobAadhar.xcdatamodel */,
			);
			currentVersion = D3785F971B243D400053CF94 /* JobAadhar.xcdatamodel */;
			path = JobAadhar.xcdatamodeld;
			sourceTree = "<group>";
			versionGroupType = wrapper.xcdatamodel;
		};
/* End XCVersionGroup section */
	};
	rootObject = D3785F871B243D400053CF94 /* Project object */;
}
